
Microsoft Visual Studio Solution File, Format Version 12.00
# Visual Studio Version 17
VisualStudioVersion = 17.11.35327.3
MinimumVisualStudioVersion = 10.0.40219.1
Project("{FAE04EC0-301F-11D3-BF4B-00C04F79EFBC}") = "ootpisp", "ootpisp.csproj", "{0A82C91D-B98B-45C5-AFF4-EE34A7752490}"
EndProject
Global
	GlobalSection(SolutionConfigurationPlatforms) = preSolution
		Debug|Any CPU = Debug|Any CPU
		Release|Any CPU = Release|Any CPU
	EndGlobalSection
	GlobalSection(ProjectConfigurationPlatforms) = postSolution
		{0A82C91D-B98B-45C5-AFF4-EE34A7752490}.Debug|Any CPU.ActiveCfg = Debug|Any CPU
		{0A82C91D-B98B-45C5-AFF4-EE34A7752490}.Debug|Any CPU.Build.0 = Debug|Any CPU
		{0A82C91D-B98B-45C5-AFF4-EE34A7752490}.Release|Any CPU.ActiveCfg = Release|Any CPU
		{0A82C91D-B98B-45C5-AFF4-EE34A7752490}.Release|Any CPU.Build.0 = Release|Any CPU
	EndGlobalSection
	GlobalSection(SolutionProperties) = preSolution
		HideSolutionNode = FALSE
	EndGlobalSection
	GlobalSection(ExtensibilityGlobals) = postSolution
		SolutionGuid = {9EE064E8-F51F-4005-9439-16CDB7A6F213}
	EndGlobalSection
EndGlobal
